{
	"archiveVersion": "1",
	"classes": {},
	"objectVersion": "54",
	"objects": {
		"026DFBD1-CD09-4EAF-8700-0EF5DDE87C42": {
			"explicitFileType": "sourcecode.cpp.cpp",
			"fileEncoding": "4",
			"isa": "PBXFileReference",
			"name": "RtMidi.cpp",
			"path": "../../../addons/ofxMidi/libs/rtmidi/RtMidi.cpp",
			"sourceTree": "SOURCE_ROOT"
		},
		"047F1E3A-B90F-4DBB-B78F-3E40EE76FC73": {
			"explicitFileType": "sourcecode.c.h",
			"fileEncoding": "4",
			"isa": "PBXFileReference",
			"name": "maxiReverb.h",
			"path": "../../../addons/ofxMaxim/src/libs/maxiReverb.h",
			"sourceTree": "SOURCE_ROOT"
		},
		"0533A143-F3F9-43C0-8C30-5739A415F239": {
			"fileRef": "B9723AA7-2CE4-433E-98F5-6C560EF53043",
			"isa": "PBXBuildFile"
		},
		"0AB4B3A5-DB2D-401A-862F-6AAFABA4A3E1": {
			"children": [
				"5DA73B9F-E52B-4F9A-B2C8-C2639F7FA4CD"
			],
			"isa": "PBXGroup",
			"name": "include",
			"path": "../../../addons/ofxJSON/libs/jsoncpp/include",
			"sourceTree": "SOURCE_ROOT"
		},
		"0AE7577D-1301-49ED-AAB4-C294D8CFE1B8": {
			"fileRef": "C11CC231-9AC5-4B21-9C3C-1E4655996099",
			"isa": "PBXBuildFile"
		},
		"0EE45E37-33B4-4025-A4C5-7B7E481F1357": {
			"explicitFileType": "sourcecode.c.h",
			"fileEncoding": "4",
			"isa": "PBXFileReference",
			"name": "json-forwards.h",
			"path": "../../../addons/ofxJSON/libs/jsoncpp/include/json/json-forwards.h",
			"sourceTree": "SOURCE_ROOT"
		},
		"0F8DD03E-3172-411E-BBA7-E5CBD9CDAEC3": {
			"fileRef": "68F40D50-9A15-41C7-A446-C6D8DC61CEDA",
			"isa": "PBXBuildFile"
		},
		"10967CDB-A3C4-4619-925B-4A4C2D80ED4D": {
			"explicitFileType": "sourcecode.cpp.cpp",
			"fileEncoding": "4",
			"isa": "PBXFileReference",
			"name": "ofxBaseMidi.cpp",
			"path": "../../../addons/ofxMidi/src/ofxBaseMidi.cpp",
			"sourceTree": "SOURCE_ROOT"
		},
		"17716B16-16C7-452E-AD4D-487CBD441CE2": {
			"fileRef": "ED3C0873-A1AE-4AAC-A4FF-70A9D9694CE8",
			"isa": "PBXBuildFile"
		},
		"18C7741D-2BC5-4ACA-8D0B-D1879E3AE9EB": {
			"explicitFileType": "sourcecode.c.h",
			"fileEncoding": "4",
			"isa": "PBXFileReference",
			"name": "maxiBark.h",
			"path": "../../../addons/ofxMaxim/src/libs/maxiBark.h",
			"sourceTree": "SOURCE_ROOT"
		},
		"191CD6FA2847E21E0085CBB6": {
			"fileEncoding": "4",
			"isa": "PBXFileReference",
			"lastKnownFileType": "text.plist.entitlements",
			"path": "of.entitlements",
			"sourceTree": "<group>"
		},
		"191EF70929D778A400F35F26": {
			"isa": "PBXFileReference",
			"lastKnownFileType": "folder",
			"name": "openFrameworks",
			"path": "../../../libs/openFrameworks",
			"sourceTree": "SOURCE_ROOT"
		},
		"19B789C429E5AB4A0082E9B8": {
			"buildActionMask": "2147483647",
			"files": [],
			"inputFileListPaths": [],
			"inputPaths": [],
			"isa": "PBXShellScriptBuildPhase",
			"outputFileListPaths": [],
			"outputPaths": [],
			"runOnlyForDeploymentPostprocessing": "0",
			"shellPath": "/bin/sh",
			"shellScript": "\"$OF_PATH/scripts/osx/xcode_project.sh\"\n",
			"showEnvVarsInLog": "0"
		},
		"1DD47D8A-7D12-40C5-A59F-B7D19E775770": {
			"explicitFileType": "sourcecode.cpp.cpp",
			"fileEncoding": "4",
			"isa": "PBXFileReference",
			"name": "maxiConvolve.cpp",
			"path": "../../../addons/ofxMaxim/src/libs/maxiConvolve.cpp",
			"sourceTree": "SOURCE_ROOT"
		},
		"1E4D2C2C-4A58-4189-89ED-CE2A213E5E4F": {
			"fileRef": "6AA32515-BA3D-4F7E-ABB1-12AA6F5A9D8F",
			"isa": "PBXBuildFile"
		},
		"1EA01F7D-DC85-44A6-AE52-21F06D78466D": {
			"children": [
				"2BDA1194-4A90-49CB-A94C-22DD181EA818",
				"C47C0D28-18FD-4D3D-85EE-7609BB957EF9"
			],
			"isa": "PBXGroup",
			"name": "ofxJSON",
			"path": "../../../addons/ofxJSON",
			"sourceTree": "SOURCE_ROOT"
		},
		"1F49C078-4649-4922-85DB-4F6C3FD84271": {
			"explicitFileType": "sourcecode.c.h",
			"fileEncoding": "4",
			"isa": "PBXFileReference",
			"name": "stb_vorbis.h",
			"path": "../../../addons/ofxMaxim/src/libs/stb_vorbis.h",
			"sourceTree": "SOURCE_ROOT"
		},
		"26DDCEB9-F6CD-4284-B4F0-9A86057D4DC5": {
			"explicitFileType": "sourcecode.c.h",
			"fileEncoding": "4",
			"isa": "PBXFileReference",
			"name": "maxiGrains.h",
			"path": "../../../addons/ofxMaxim/src/libs/maxiGrains.h",
			"sourceTree": "SOURCE_ROOT"
		},
		"26DE2C98-431D-49E9-BB29-9D7EE07DEB41": {
			"explicitFileType": "sourcecode.c.h",
			"fileEncoding": "4",
			"isa": "PBXFileReference",
			"name": "fft.h",
			"path": "../../../addons/ofxMaxim/src/libs/fft.h",
			"sourceTree": "SOURCE_ROOT"
		},
		"2BBD1C5B-32D1-4FFE-85AD-EB24439D7B9D": {
			"explicitFileType": "file",
			"fileEncoding": "4",
			"isa": "PBXFileReference",
			"name": "README.md",
			"path": "../../../addons/ofxMaxim/src/libs/PolyBLEP/README.md",
			"sourceTree": "SOURCE_ROOT"
		},
		"2BDA1194-4A90-49CB-A94C-22DD181EA818": {
			"children": [
				"6D69E25B-4B9D-40B5-9268-EFB403F7CDD2"
			],
			"isa": "PBXGroup",
			"name": "libs",
			"path": "../../../addons/ofxJSON/libs",
			"sourceTree": "SOURCE_ROOT"
		},
		"2E309BD1-AB55-4CE8-8A41-8ECF770E8077": {
			"explicitFileType": "sourcecode.c.h",
			"fileEncoding": "4",
			"isa": "PBXFileReference",
			"name": "maxim.h",
			"path": "../../../addons/ofxMaxim/src/libs/maxim.h",
			"sourceTree": "SOURCE_ROOT"
		},
		"2F771C36-8D78-4E77-8ED0-85DFC4A0A4C9": {
			"explicitFileType": "sourcecode.cpp.cpp",
			"fileEncoding": "4",
			"isa": "PBXFileReference",
			"name": "ofxMidiOut.cpp",
			"path": "../../../addons/ofxMidi/src/ofxMidiOut.cpp",
			"sourceTree": "SOURCE_ROOT"
		},
		"31C7D044-5DD7-4F52-9039-0F52AFC9B2DD": {
			"explicitFileType": "sourcecode.cpp.cpp",
			"fileEncoding": "4",
			"isa": "PBXFileReference",
			"name": "ofxRtMidiIn.cpp",
			"path": "../../../addons/ofxMidi/src/desktop/ofxRtMidiIn.cpp",
			"sourceTree": "SOURCE_ROOT"
		},
		"3748E3EF-5B85-47C9-8FF8-E0D5ADE544ED": {
			"explicitFileType": "sourcecode.cpp.cpp",
			"fileEncoding": "4",
			"isa": "PBXFileReference",
			"name": "maxiFFT.cpp",
			"path": "../../../addons/ofxMaxim/src/libs/maxiFFT.cpp",
			"sourceTree": "SOURCE_ROOT"
		},
		"38384AF8-CDAB-421C-A61A-924DFAB2E9A9": {
			"children": [
				"ED3C0873-A1AE-4AAC-A4FF-70A9D9694CE8",
				"DBBEF87E-06A4-40A9-A7A6-8EBE0BC32588",
				"2BBD1C5B-32D1-4FFE-85AD-EB24439D7B9D"
			],
			"isa": "PBXGroup",
			"name": "PolyBLEP",
			"path": "../../../addons/ofxMaxim/src/libs/PolyBLEP",
			"sourceTree": "SOURCE_ROOT"
		},
		"3B18ECC4-4E31-49C0-A807-BD1A3033DB3B": {
			"fileRef": "EA3219E8-39F2-41E5-87FA-E9015474FC30",
			"isa": "PBXBuildFile"
		},
		"3DA2E8A5-13F6-4770-87B5-68D973BED6BB": {
			"fileRef": "1DD47D8A-7D12-40C5-A59F-B7D19E775770",
			"isa": "PBXBuildFile"
		},
		"41819C81-7F47-4990-8E5E-691EF1145A4B": {
			"fileRef": "F572FE71-0BBD-48B5-8EFB-F74879C033E5",
			"isa": "PBXBuildFile"
		},
		"427713CE-A1EC-4CEC-A100-0A25B824A482": {
			"explicitFileType": "sourcecode.cpp.cpp",
			"fileEncoding": "4",
			"isa": "PBXFileReference",
			"name": "fft.cpp",
			"path": "../../../addons/ofxMaxim/src/libs/fft.cpp",
			"sourceTree": "SOURCE_ROOT"
		},
		"42FB4B0C-2279-4D50-A8A9-2CA68561C28D": {
			"explicitFileType": "sourcecode.cpp.cpp",
			"fileEncoding": "4",
			"isa": "PBXFileReference",
			"name": "jsoncpp.cpp",
			"path": "../../../addons/ofxJSON/libs/jsoncpp/src/jsoncpp.cpp",
			"sourceTree": "SOURCE_ROOT"
		},
		"46B00A28-575C-403B-84BF-047ADE7DC957": {
			"fileRef": "2BBD1C5B-32D1-4FFE-85AD-EB24439D7B9D",
			"isa": "PBXBuildFile"
		},
		"4B69B2A0-B723-48D5-A929-FF87B443965E": {
			"fileRef": "A2ED9D34-7C9B-4FD7-BE98-57DD08F351E0",
			"isa": "PBXBuildFile"
		},
		"4B91E2F3-00FC-4CC7-84B7-41DC179025BF": {
			"explicitFileType": "sourcecode.cpp.cpp",
			"fileEncoding": "4",
			"isa": "PBXFileReference",
			"name": "maxiMFCC.cpp",
			"path": "../../../addons/ofxMaxim/src/libs/maxiMFCC.cpp",
			"sourceTree": "SOURCE_ROOT"
		},
		"50A423D6-A586-4106-91DA-D1819633D479": {
			"explicitFileType": "sourcecode.c.h",
			"fileEncoding": "4",
			"isa": "PBXFileReference",
			"name": "ofxRtMidiOut.h",
			"path": "../../../addons/ofxMidi/src/desktop/ofxRtMidiOut.h",
			"sourceTree": "SOURCE_ROOT"
		},
		"55426ED1-2A92-4128-9A6D-E9333695AD34": {
			"explicitFileType": "sourcecode.c.h",
			"fileEncoding": "4",
			"isa": "PBXFileReference",
			"name": "ofxRtMidiIn.h",
			"path": "../../../addons/ofxMidi/src/desktop/ofxRtMidiIn.h",
			"sourceTree": "SOURCE_ROOT"
		},
		"5632C06A-7283-4C19-B4C1-95EDB1034DA6": {
			"explicitFileType": "sourcecode.c.h",
			"fileEncoding": "4",
			"isa": "PBXFileReference",
			"name": "ofxJSONElement.h",
			"path": "../../../addons/ofxJSON/src/ofxJSONElement.h",
			"sourceTree": "SOURCE_ROOT"
		},
		"5868C27C-5D79-443E-8B73-3E876AF9A116": {
			"explicitFileType": "sourcecode.cpp.cpp",
			"fileEncoding": "4",
			"isa": "PBXFileReference",
			"name": "maxiBark.cpp",
			"path": "../../../addons/ofxMaxim/src/libs/maxiBark.cpp",
			"sourceTree": "SOURCE_ROOT"
		},
		"588834EA-73D9-4150-A10E-7D9BFD5DB36F": {
			"children": [
				"026DFBD1-CD09-4EAF-8700-0EF5DDE87C42",
				"8A8496DC-BA24-4418-B73A-A1F009663AD0"
			],
			"isa": "PBXGroup",
			"name": "rtmidi",
			"path": "../../../addons/ofxMidi/libs/rtmidi",
			"sourceTree": "SOURCE_ROOT"
		},
		"58895CD1-726D-4352-8DA9-14793F9CC245": {
			"fileRef": "2F771C36-8D78-4E77-8ED0-85DFC4A0A4C9",
			"isa": "PBXBuildFile"
		},
		"58A87EB0-32B1-4585-A589-6A602DE83604": {
			"children": [
				"31C7D044-5DD7-4F52-9039-0F52AFC9B2DD",
				"55426ED1-2A92-4128-9A6D-E9333695AD34",
				"EA3219E8-39F2-41E5-87FA-E9015474FC30",
				"50A423D6-A586-4106-91DA-D1819633D479"
			],
			"isa": "PBXGroup",
			"name": "desktop",
			"path": "../../../addons/ofxMidi/src/desktop",
			"sourceTree": "SOURCE_ROOT"
		},
		"5CD34F21-9457-4691-9E3C-12CC5331763A": {
			"fileRef": "C3C4FEC8-2457-4A7E-A892-29337CF1DB98",
			"isa": "PBXBuildFile"
		},
		"5DA73B9F-E52B-4F9A-B2C8-C2639F7FA4CD": {
			"children": [
				"0EE45E37-33B4-4025-A4C5-7B7E481F1357",
				"88B25321-0393-49EA-8E64-EBE6E69E0F91"
			],
			"isa": "PBXGroup",
			"name": "json",
			"path": "../../../addons/ofxJSON/libs/jsoncpp/include/json",
			"sourceTree": "SOURCE_ROOT"
		},
		"5DC57B34-8B96-4D56-AFFF-E92CE468E9E6": {
			"explicitFileType": "sourcecode.cpp.cpp",
			"fileEncoding": "4",
			"isa": "PBXFileReference",
			"name": "maxiAtoms.cpp",
			"path": "../../../addons/ofxMaxim/src/libs/maxiAtoms.cpp",
			"sourceTree": "SOURCE_ROOT"
		},
		"61CAFBA8-F1B3-44F2-96D8-3332426D18EC": {
			"explicitFileType": "sourcecode.c.h",
			"fileEncoding": "4",
			"isa": "PBXFileReference",
			"name": "maxiConvolve.h",
			"path": "../../../addons/ofxMaxim/src/libs/maxiConvolve.h",
			"sourceTree": "SOURCE_ROOT"
		},
		"632C25F1-38BD-46C4-908E-B444BC60A4D3": {
			"explicitFileType": "sourcecode.c.h",
			"fileEncoding": "4",
			"isa": "PBXFileReference",
			"name": "ofxMidiOut.h",
			"path": "../../../addons/ofxMidi/src/ofxMidiOut.h",
			"sourceTree": "SOURCE_ROOT"
		},
		"67ED1B4E-1AC5-4B08-B872-58909F3CC585": {
			"explicitFileType": "sourcecode.cpp.cpp",
			"fileEncoding": "4",
			"isa": "PBXFileReference",
			"name": "maximilian.cpp",
			"path": "../../../addons/ofxMaxim/src/maximilian.cpp",
			"sourceTree": "SOURCE_ROOT"
		},
		"68F40D50-9A15-41C7-A446-C6D8DC61CEDA": {
			"explicitFileType": "sourcecode.cpp.cpp",
			"fileEncoding": "4",
			"isa": "PBXFileReference",
			"name": "maxiClock.cpp",
			"path": "../../../addons/ofxMaxim/src/libs/maxiClock.cpp",
			"sourceTree": "SOURCE_ROOT"
		},
		"69097D2B-E599-4936-9FF9-549F9A88B71C": {
			"fileRef": "A2ED9D34-7C9B-4FD7-BE98-57DD08F351E0",
			"isa": "PBXBuildFile",
			"settings": {
				"ATTRIBUTES": [
					"CodeSignOnCopy"
				]
			}
		},
		"6AA32515-BA3D-4F7E-ABB1-12AA6F5A9D8F": {
			"explicitFileType": "sourcecode.cpp.cpp",
			"fileEncoding": "4",
			"isa": "PBXFileReference",
			"name": "ofxJSONElement.cpp",
			"path": "../../../addons/ofxJSON/src/ofxJSONElement.cpp",
			"sourceTree": "SOURCE_ROOT"
		},
		"6D69E25B-4B9D-40B5-9268-EFB403F7CDD2": {
			"children": [
				"0AB4B3A5-DB2D-401A-862F-6AAFABA4A3E1",
				"E8FAD8B6-E35E-49BC-91F6-A84AD089D04C"
			],
			"isa": "PBXGroup",
			"name": "jsoncpp",
			"path": "../../../addons/ofxJSON/libs/jsoncpp",
			"sourceTree": "SOURCE_ROOT"
		},
		"73408E89-6346-4D25-A057-F647AE8D62A2": {
			"explicitFileType": "sourcecode.c.h",
			"fileEncoding": "4",
			"isa": "PBXFileReference",
			"name": "ofxMidiTimecode.h",
			"path": "../../../addons/ofxMidi/src/ofxMidiTimecode.h",
			"sourceTree": "SOURCE_ROOT"
		},
		"75022471-DF42-40A0-A3E3-2E55333DEA96": {
			"fileRef": "4B91E2F3-00FC-4CC7-84B7-41DC179025BF",
			"isa": "PBXBuildFile"
		},
		"75B7429B-74E3-419C-9FB8-B6D003D04A47": {
			"explicitFileType": "sourcecode.c.h",
			"fileEncoding": "4",
			"isa": "PBXFileReference",
			"name": "maxiAtoms.h",
			"path": "../../../addons/ofxMaxim/src/libs/maxiAtoms.h",
			"sourceTree": "SOURCE_ROOT"
		},
		"75F3C736-F540-46D6-BF00-A4A165E71B44": {
			"explicitFileType": "sourcecode.c.h",
			"fileEncoding": "4",
			"isa": "PBXFileReference",
			"name": "maxiPolyBLEP.h",
			"path": "../../../addons/ofxMaxim/src/libs/maxiPolyBLEP.h",
			"sourceTree": "SOURCE_ROOT"
		},
		"76B2C01E-D80E-4A6A-86E3-69DE3E3D3246": {
			"explicitFileType": "sourcecode.cpp.cpp",
			"fileEncoding": "4",
			"isa": "PBXFileReference",
			"name": "ofxMidi.cpp",
			"path": "../../../addons/ofxMidi/src/ofxMidi.cpp",
			"sourceTree": "SOURCE_ROOT"
		},
		"7C86523C-EC19-42A6-931C-C0438A104B45": {
			"explicitFileType": "sourcecode.c.h",
			"fileEncoding": "4",
			"isa": "PBXFileReference",
			"name": "maxiFFT.h",
			"path": "../../../addons/ofxMaxim/src/libs/maxiFFT.h",
			"sourceTree": "SOURCE_ROOT"
		},
		"7DB9FC70-8C7C-444F-A824-987E4D6F4444": {
			"explicitFileType": "sourcecode.c.h",
			"fileEncoding": "4",
			"isa": "PBXFileReference",
			"name": "maxiMFCC.h",
			"path": "../../../addons/ofxMaxim/src/libs/maxiMFCC.h",
			"sourceTree": "SOURCE_ROOT"
		},
		"80E8E3BB-2887-4521-9AB7-67F56C2E8DE0": {
			"explicitFileType": "sourcecode.c.h",
			"fileEncoding": "4",
			"isa": "PBXFileReference",
			"name": "ofxJSON.h",
			"path": "../../../addons/ofxJSON/src/ofxJSON.h",
			"sourceTree": "SOURCE_ROOT"
		},
		"82A3E6F7-06C7-4ACE-AE4E-DD33C6D8AFBF": {
			"explicitFileType": "sourcecode.c.h",
			"fileEncoding": "4",
			"isa": "PBXFileReference",
			"name": "ofxMidiIn.h",
			"path": "../../../addons/ofxMidi/src/ofxMidiIn.h",
			"sourceTree": "SOURCE_ROOT"
		},
		"8421E65A-0655-4B49-B4E4-07AC901AA21E": {
			"explicitFileType": "sourcecode.c.h",
			"fileEncoding": "4",
			"isa": "PBXFileReference",
			"name": "sineTable.h",
			"path": "../../../addons/ofxMaxim/src/libs/sineTable.h",
			"sourceTree": "SOURCE_ROOT"
		},
		"86641B07-09F7-4A6B-8531-C60EDC68E56B": {
			"explicitFileType": "sourcecode.c.h",
			"fileEncoding": "4",
			"isa": "PBXFileReference",
			"name": "maxiClock.h",
			"path": "../../../addons/ofxMaxim/src/libs/maxiClock.h",
			"sourceTree": "SOURCE_ROOT"
		},
		"88B25321-0393-49EA-8E64-EBE6E69E0F91": {
			"explicitFileType": "sourcecode.c.h",
			"fileEncoding": "4",
			"isa": "PBXFileReference",
			"name": "json.h",
			"path": "../../../addons/ofxJSON/libs/jsoncpp/include/json/json.h",
			"sourceTree": "SOURCE_ROOT"
		},
		"89C1FB07-5A9A-4B12-9848-CFB7B058476C": {
			"fileRef": "10967CDB-A3C4-4619-925B-4A4C2D80ED4D",
			"isa": "PBXBuildFile"
		},
		"8A39AD83-40E3-4853-BB78-0657E3800F3A": {
			"explicitFileType": "sourcecode.cpp.cpp",
			"fileEncoding": "4",
			"isa": "PBXFileReference",
			"name": "ofxMidiTimecode.cpp",
			"path": "../../../addons/ofxMidi/src/ofxMidiTimecode.cpp",
			"sourceTree": "SOURCE_ROOT"
		},
		"8A8496DC-BA24-4418-B73A-A1F009663AD0": {
			"explicitFileType": "sourcecode.c.h",
			"fileEncoding": "4",
			"isa": "PBXFileReference",
			"name": "RtMidi.h",
			"path": "../../../addons/ofxMidi/libs/rtmidi/RtMidi.h",
			"sourceTree": "SOURCE_ROOT"
		},
		"8C7BF3DE-E360-45B4-B283-EC0BB864A158": {
			"fileRef": "42FB4B0C-2279-4D50-A8A9-2CA68561C28D",
			"isa": "PBXBuildFile"
		},
		"96AA3056-EBEF-4538-9CD1-7F21B20B7EAE": {
			"children": [
				"D6425875-FFBF-48CA-BEA3-5A1BBB275ECE",
				"C85D503E-0E58-4409-AE9B-7488D4BD3C8E",
				"DCD6521B-34ED-4576-B18B-74B5599156BC"
			],
			"isa": "PBXGroup",
			"name": "ofxMidi",
			"path": "../../../addons/ofxMidi",
			"sourceTree": "SOURCE_ROOT"
		},
		"9C006ECD-1AE8-4B7F-A885-01201B29067D": {
			"explicitFileType": "sourcecode.c.h",
			"fileEncoding": "4",
			"isa": "PBXFileReference",
			"name": "ofxMidiClock.h",
			"path": "../../../addons/ofxMidi/src/ofxMidiClock.h",
			"sourceTree": "SOURCE_ROOT"
		},
		"9EEAB239-8CBC-4539-A0D8-CA941E7BA313": {
			"explicitFileType": "sourcecode.c.h",
			"fileEncoding": "4",
			"isa": "PBXFileReference",
			"name": "maximilian.h",
			"path": "../../../addons/ofxMaxim/src/maximilian.h",
			"sourceTree": "SOURCE_ROOT"
		},
		"A2ED9D34-7C9B-4FD7-BE98-57DD08F351E0": {
			"isa": "PBXFileReference",
			"lastKnownFileType": "wrapper.framework",
			"name": "CoreMIDI.framework",
			"path": "/System/Library/Frameworks/CoreMIDI.framework",
			"sourceTree": "SOURCE_ROOT"
		},
		"A5901A07-967D-4459-9B48-667D65619427": {
			"children": [
				"C4907716-FFF6-4F36-BD4A-2D5C0866A91F",
				"67ED1B4E-1AC5-4B08-B872-58909F3CC585",
				"9EEAB239-8CBC-4539-A0D8-CA941E7BA313"
			],
			"isa": "PBXGroup",
			"name": "src",
			"path": "../../../addons/ofxMaxim/src",
			"sourceTree": "SOURCE_ROOT"
		},
		"A7F71F62-FCE6-4FDB-B2BD-5E3B7B038171": {
			"fileRef": "5868C27C-5D79-443E-8B73-3E876AF9A116",
			"isa": "PBXBuildFile"
		},
		"A801AD18-2906-4606-92C4-ACA65F017D3F": {
			"fileRef": "C628118A-C4D6-48C5-83FE-3317AB8774CD",
			"isa": "PBXBuildFile"
		},
		"A834C0F4-0A76-4337-A1D3-A5178760D775": {
			"fileRef": "427713CE-A1EC-4CEC-A100-0A25B824A482",
			"isa": "PBXBuildFile"
		},
		"A9CE6F7E-2791-4777-B446-7222C0D72661": {
			"explicitFileType": "sourcecode.c.h",
			"fileEncoding": "4",
			"isa": "PBXFileReference",
			"name": "maxiSynths.h",
			"path": "../../../addons/ofxMaxim/src/libs/maxiSynths.h",
			"sourceTree": "SOURCE_ROOT"
		},
		"AD4EB969-0896-43F6-9016-B0ACE6F40E48": {
			"explicitFileType": "sourcecode.c.c",
			"fileEncoding": "4",
			"isa": "PBXFileReference",
			"name": "stb_vorbis.c",
			"path": "../../../addons/ofxMaxim/src/libs/stb_vorbis.c",
			"sourceTree": "SOURCE_ROOT"
		},
		"B135E904-6E05-4F26-9E7E-39B458EE1ABF": {
			"explicitFileType": "sourcecode.c.h",
			"fileEncoding": "4",
			"isa": "PBXFileReference",
			"name": "ofxBaseMidi.h",
			"path": "../../../addons/ofxMidi/src/ofxBaseMidi.h",
			"sourceTree": "SOURCE_ROOT"
		},
		"B86C54DB-2072-459A-B55E-383C001163AD": {
			"fileRef": "31C7D044-5DD7-4F52-9039-0F52AFC9B2DD",
			"isa": "PBXBuildFile"
		},
		"B9723AA7-2CE4-433E-98F5-6C560EF53043": {
			"explicitFileType": "sourcecode.cpp.cpp",
			"fileEncoding": "4",
			"isa": "PBXFileReference",
			"name": "ofxMidiIn.cpp",
			"path": "../../../addons/ofxMidi/src/ofxMidiIn.cpp",
			"sourceTree": "SOURCE_ROOT"
		},
		"BB4B014C10F69532006C3DED": {
			"children": [
				"1EA01F7D-DC85-44A6-AE52-21F06D78466D",
				"C8EA7520-B616-41C0-AE78-9FB5A3326CA3",
				"96AA3056-EBEF-4538-9CD1-7F21B20B7EAE"
			],
			"isa": "PBXGroup",
			"name": "addons",
			"path": "../../../addons",
			"sourceTree": "<group>"
		},
		"C11CC231-9AC5-4B21-9C3C-1E4655996099": {
			"explicitFileType": "sourcecode.cpp.cpp",
			"fileEncoding": "4",
			"isa": "PBXFileReference",
			"name": "ofxMidiMessage.cpp",
			"path": "../../../addons/ofxMidi/src/ofxMidiMessage.cpp",
			"sourceTree": "SOURCE_ROOT"
		},
		"C37A5364-C313-4982-A2BA-3C8FD1F2521C": {
			"fileRef": "67ED1B4E-1AC5-4B08-B872-58909F3CC585",
			"isa": "PBXBuildFile"
		},
		"C3C4FEC8-2457-4A7E-A892-29337CF1DB98": {
			"explicitFileType": "sourcecode.cpp.cpp",
			"fileEncoding": "4",
			"isa": "PBXFileReference",
			"name": "maxiGrains.cpp",
			"path": "../../../addons/ofxMaxim/src/libs/maxiGrains.cpp",
			"sourceTree": "SOURCE_ROOT"
		},
		"C41B6530-9B01-43FD-90E9-DCF6B93E53F3": {
			"fileRef": "E887C6D6-1CD5-491E-ABC7-26357C22A1F4",
			"isa": "PBXBuildFile"
		},
		"C47C0D28-18FD-4D3D-85EE-7609BB957EF9": {
			"children": [
				"80E8E3BB-2887-4521-9AB7-67F56C2E8DE0",
				"6AA32515-BA3D-4F7E-ABB1-12AA6F5A9D8F",
				"5632C06A-7283-4C19-B4C1-95EDB1034DA6"
			],
			"isa": "PBXGroup",
			"name": "src",
			"path": "../../../addons/ofxJSON/src",
			"sourceTree": "SOURCE_ROOT"
		},
		"C4907716-FFF6-4F36-BD4A-2D5C0866A91F": {
			"children": [
				"38384AF8-CDAB-421C-A61A-924DFAB2E9A9",
				"427713CE-A1EC-4CEC-A100-0A25B824A482",
				"26DE2C98-431D-49E9-BB29-9D7EE07DEB41",
				"5DC57B34-8B96-4D56-AFFF-E92CE468E9E6",
				"75B7429B-74E3-419C-9FB8-B6D003D04A47",
				"5868C27C-5D79-443E-8B73-3E876AF9A116",
				"18C7741D-2BC5-4ACA-8D0B-D1879E3AE9EB",
				"68F40D50-9A15-41C7-A446-C6D8DC61CEDA",
				"86641B07-09F7-4A6B-8531-C60EDC68E56B",
				"1DD47D8A-7D12-40C5-A59F-B7D19E775770",
				"61CAFBA8-F1B3-44F2-96D8-3332426D18EC",
				"3748E3EF-5B85-47C9-8FF8-E0D5ADE544ED",
				"7C86523C-EC19-42A6-931C-C0438A104B45",
				"C3C4FEC8-2457-4A7E-A892-29337CF1DB98",
				"26DDCEB9-F6CD-4284-B4F0-9A86057D4DC5",
				"4B91E2F3-00FC-4CC7-84B7-41DC179025BF",
				"7DB9FC70-8C7C-444F-A824-987E4D6F4444",
				"75F3C736-F540-46D6-BF00-A4A165E71B44",
				"C628118A-C4D6-48C5-83FE-3317AB8774CD",
				"047F1E3A-B90F-4DBB-B78F-3E40EE76FC73",
				"F572FE71-0BBD-48B5-8EFB-F74879C033E5",
				"A9CE6F7E-2791-4777-B446-7222C0D72661",
				"2E309BD1-AB55-4CE8-8A41-8ECF770E8077",
				"8421E65A-0655-4B49-B4E4-07AC901AA21E",
				"AD4EB969-0896-43F6-9016-B0ACE6F40E48",
				"1F49C078-4649-4922-85DB-4F6C3FD84271"
			],
			"isa": "PBXGroup",
			"name": "libs",
			"path": "../../../addons/ofxMaxim/src/libs",
			"sourceTree": "SOURCE_ROOT"
		},
		"C628118A-C4D6-48C5-83FE-3317AB8774CD": {
			"explicitFileType": "sourcecode.cpp.cpp",
			"fileEncoding": "4",
			"isa": "PBXFileReference",
			"name": "maxiReverb.cpp",
			"path": "../../../addons/ofxMaxim/src/libs/maxiReverb.cpp",
			"sourceTree": "SOURCE_ROOT"
		},
		"C85D503E-0E58-4409-AE9B-7488D4BD3C8E": {
			"children": [
				"58A87EB0-32B1-4585-A589-6A602DE83604",
				"10967CDB-A3C4-4619-925B-4A4C2D80ED4D",
				"B135E904-6E05-4F26-9E7E-39B458EE1ABF",
				"76B2C01E-D80E-4A6A-86E3-69DE3E3D3246",
				"EA8E3B92-8CEC-400E-8C88-31D6C3E2C186",
				"E887C6D6-1CD5-491E-ABC7-26357C22A1F4",
				"9C006ECD-1AE8-4B7F-A885-01201B29067D",
				"D9F93114-E03D-4340-821D-1157F1F9E80E",
				"B9723AA7-2CE4-433E-98F5-6C560EF53043",
				"82A3E6F7-06C7-4ACE-AE4E-DD33C6D8AFBF",
				"C11CC231-9AC5-4B21-9C3C-1E4655996099",
				"F97E0DBC-0191-4605-A0B6-1EC25A779C52",
				"2F771C36-8D78-4E77-8ED0-85DFC4A0A4C9",
				"632C25F1-38BD-46C4-908E-B444BC60A4D3",
				"8A39AD83-40E3-4853-BB78-0657E3800F3A",
				"73408E89-6346-4D25-A057-F647AE8D62A2",
				"F0AAEC9B-D2A2-435D-9127-D917863DF511"
			],
			"isa": "PBXGroup",
			"name": "src",
			"path": "../../../addons/ofxMidi/src",
			"sourceTree": "SOURCE_ROOT"
		},
		"C8EA7520-B616-41C0-AE78-9FB5A3326CA3": {
			"children": [
				"A5901A07-967D-4459-9B48-667D65619427"
			],
			"isa": "PBXGroup",
			"name": "ofxMaxim",
			"path": "../../../addons/ofxMaxim",
			"sourceTree": "SOURCE_ROOT"
		},
		"D6425875-FFBF-48CA-BEA3-5A1BBB275ECE": {
			"children": [
				"588834EA-73D9-4150-A10E-7D9BFD5DB36F"
			],
			"isa": "PBXGroup",
			"name": "libs",
			"path": "../../../addons/ofxMidi/libs",
			"sourceTree": "SOURCE_ROOT"
		},
		"D9F93114-E03D-4340-821D-1157F1F9E80E": {
			"explicitFileType": "sourcecode.c.h",
			"fileEncoding": "4",
			"isa": "PBXFileReference",
			"name": "ofxMidiConstants.h",
			"path": "../../../addons/ofxMidi/src/ofxMidiConstants.h",
			"sourceTree": "SOURCE_ROOT"
		},
		"DB7A9052-3C8C-4E3A-914F-8080F1AEB66A": {
			"fileRef": "8A39AD83-40E3-4853-BB78-0657E3800F3A",
			"isa": "PBXBuildFile"
		},
		"DBBEF87E-06A4-40A9-A7A6-8EBE0BC32588": {
			"explicitFileType": "sourcecode.c.h",
			"fileEncoding": "4",
			"isa": "PBXFileReference",
			"name": "PolyBLEP.h",
			"path": "../../../addons/ofxMaxim/src/libs/PolyBLEP/PolyBLEP.h",
			"sourceTree": "SOURCE_ROOT"
		},
		"DCD6521B-34ED-4576-B18B-74B5599156BC": {
			"children": [
				"A2ED9D34-7C9B-4FD7-BE98-57DD08F351E0"
			],
			"isa": "PBXGroup",
			"name": "frameworks",
			"sourceTree": "SOURCE_ROOT"
		},
		"DF4D8300-CCBC-43F7-862F-5C6D6E3743F7": {
			"fileRef": "76B2C01E-D80E-4A6A-86E3-69DE3E3D3246",
			"isa": "PBXBuildFile"
		},
		"E18128A2-D26C-492C-993B-59547651F8A2": {
			"fileRef": "5DC57B34-8B96-4D56-AFFF-E92CE468E9E6",
			"isa": "PBXBuildFile"
		},
		"E42962A92163ECCD00A6A9E2": {
			"alwaysOutOfDate": "1",
			"buildActionMask": "2147483647",
			"files": [],
			"inputPaths": [],
			"isa": "PBXShellScriptBuildPhase",
			"name": "Run Script — Compile OF",
			"outputPaths": [],
			"runOnlyForDeploymentPostprocessing": "0",
			"shellPath": "/bin/sh",
			"shellScript": "echo \"💾 Compiling Openframeworks\"\nxcodebuild -project \"$OF_PATH/libs/openFrameworksCompiled/project/osx/openFrameworksLib.xcodeproj\" -target openFrameworks -configuration \"${CONFIGURATION}\"  CLANG_CXX_LANGUAGE_STANDARD=$CLANG_CXX_LANGUAGE_STANDARD MACOSX_DEPLOYMENT_TARGET=$MACOSX_DEPLOYMENT_TARGET GCC_PREPROCESSOR_DEFINITIONS=$USER_PREPROCESSOR_DEFINITIONS\n",
			"showEnvVarsInLog": "0"
		},
		"E4A5B60F29BAAAE400C2D356": {
			"buildActionMask": "2147483647",
			"dstPath": "",
			"dstSubfolderSpec": "6",
			"files": [],
			"isa": "PBXCopyFilesBuildPhase",
			"runOnlyForDeploymentPostprocessing": "0"
		},
		"E4B69B4A0A3A1720003C02F2": {
			"children": [
				"191CD6FA2847E21E0085CBB6",
				"E4B6FCAD0C3E899E008CF71C",
				"E4EB6923138AFD0F00A09F29",
				"E4B69E1C0A3A1BDC003C02F2",
				"191EF70929D778A400F35F26",
				"BB4B014C10F69532006C3DED",
				"E4B69B5B0A3A1756003C02F2"
			],
			"isa": "PBXGroup",
			"sourceTree": "<group>"
		},
		"E4B69B4C0A3A1720003C02F2": {
			"attributes": {
				"LastUpgradeCheck": "0600"
			},
			"buildConfigurationList": "E4B69B4D0A3A1720003C02F2",
			"compatibilityVersion": "Xcode 3.2",
			"developmentRegion": "en",
			"hasScannedForEncodings": "0",
			"isa": "PBXProject",
			"knownRegions": [
				"en",
				"Base"
			],
			"mainGroup": "E4B69B4A0A3A1720003C02F2",
			"productRefGroup": "E4B69B4A0A3A1720003C02F2",
			"projectDirPath": "",
			"projectRoot": "",
			"targets": [
				"E4B69B5A0A3A1756003C02F2"
			]
		},
		"E4B69B4D0A3A1720003C02F2": {
			"buildConfigurations": [
				"E4B69B4E0A3A1720003C02F2",
				"E4B69B4F0A3A1720003C02F2"
			],
			"defaultConfigurationIsVisible": "0",
			"defaultConfigurationName": "Release",
			"isa": "XCConfigurationList"
		},
		"E4B69B4E0A3A1720003C02F2": {
			"baseConfigurationReference": "E4EB6923138AFD0F00A09F29",
			"buildSettings": {
				"CODE_SIGN_ENTITLEMENTS": "of.entitlements",
				"COPY_PHASE_STRIP": "NO",
				"ENABLE_TESTABILITY": "YES",
				"GCC_OPTIMIZATION_LEVEL": "0",
				"GCC_WARN_UNUSED_VARIABLE": "NO",
				"HEADER_SEARCH_PATHS": [
					"$(OF_CORE_HEADERS)",
					"src"
				],
				"OTHER_CPLUSPLUSFLAGS": "-D__MACOSX_CORE__"
			},
			"isa": "XCBuildConfiguration",
			"name": "Debug"
		},
		"E4B69B4F0A3A1720003C02F2": {
			"baseConfigurationReference": "E4EB6923138AFD0F00A09F29",
			"buildSettings": {
				"CODE_SIGN_ENTITLEMENTS": "of.entitlements",
				"COPY_PHASE_STRIP": "YES",
				"GCC_OPTIMIZATION_LEVEL": "3",
				"GCC_UNROLL_LOOPS": "YES",
				"HEADER_SEARCH_PATHS": [
					"$(OF_CORE_HEADERS)",
					"src"
				],
				"OTHER_CPLUSPLUSFLAGS": "-D__MACOSX_CORE__"
			},
			"isa": "XCBuildConfiguration",
			"name": "Release"
		},
		"E4B69B580A3A1756003C02F2": {
			"buildActionMask": "2147483647",
			"files": [
				"E4B69E200A3A1BDC003C02F2",
				"E4B69E210A3A1BDC003C02F2",
				"8C7BF3DE-E360-45B4-B283-EC0BB864A158",
				"1E4D2C2C-4A58-4189-89ED-CE2A213E5E4F",
				"17716B16-16C7-452E-AD4D-487CBD441CE2",
				"46B00A28-575C-403B-84BF-047ADE7DC957",
				"A834C0F4-0A76-4337-A1D3-A5178760D775",
				"E18128A2-D26C-492C-993B-59547651F8A2",
				"A7F71F62-FCE6-4FDB-B2BD-5E3B7B038171",
				"0F8DD03E-3172-411E-BBA7-E5CBD9CDAEC3",
				"3DA2E8A5-13F6-4770-87B5-68D973BED6BB",
				"F50959D0-903C-4C43-8E72-C01080F3A0E4",
				"5CD34F21-9457-4691-9E3C-12CC5331763A",
				"75022471-DF42-40A0-A3E3-2E55333DEA96",
				"A801AD18-2906-4606-92C4-ACA65F017D3F",
				"41819C81-7F47-4990-8E5E-691EF1145A4B",
				"F46B3E0F-1F79-46D0-95DF-B0E83ED3FA6D",
				"C37A5364-C313-4982-A2BA-3C8FD1F2521C",
				"E6E8553E-8994-46AF-B3E8-0A1D9E5B7432",
				"B86C54DB-2072-459A-B55E-383C001163AD",
				"3B18ECC4-4E31-49C0-A807-BD1A3033DB3B",
				"89C1FB07-5A9A-4B12-9848-CFB7B058476C",
				"DF4D8300-CCBC-43F7-862F-5C6D6E3743F7",
				"C41B6530-9B01-43FD-90E9-DCF6B93E53F3",
				"0533A143-F3F9-43C0-8C30-5739A415F239",
				"0AE7577D-1301-49ED-AAB4-C294D8CFE1B8",
				"58895CD1-726D-4352-8DA9-14793F9CC245",
				"DB7A9052-3C8C-4E3A-914F-8080F1AEB66A"
			],
			"isa": "PBXSourcesBuildPhase",
			"runOnlyForDeploymentPostprocessing": "0"
		},
		"E4B69B590A3A1756003C02F2": {
			"buildActionMask": "2147483647",
			"files": [
				"4B69B2A0-B723-48D5-A929-FF87B443965E"
			],
			"isa": "PBXFrameworksBuildPhase",
			"runOnlyForDeploymentPostprocessing": "0"
		},
		"E4B69B5A0A3A1756003C02F2": {
			"buildConfigurationList": "E4B69B5F0A3A1757003C02F2",
			"buildPhases": [
				"E42962A92163ECCD00A6A9E2",
				"E4B69B580A3A1756003C02F2",
				"E4B69B590A3A1756003C02F2",
				"E4C2427710CC5ABF004149E2",
				"E4A5B60F29BAAAE400C2D356",
				"19B789C429E5AB4A0082E9B8"
			],
			"buildRules": [],
			"dependencies": [],
			"isa": "PBXNativeTarget",
			"name": "controllerMIDI",
			"productName": "myOFApp",
			"productReference": "E4B69B5B0A3A1756003C02F2",
			"productType": "com.apple.product-type.application"
		},
		"E4B69B5B0A3A1756003C02F2": {
			"explicitFileType": "wrapper.application",
			"includeInIndex": "0",
			"isa": "PBXFileReference",
			"path": "controllerMIDIDebug.app",
			"sourceTree": "BUILT_PRODUCTS_DIR"
		},
		"E4B69B5F0A3A1757003C02F2": {
			"buildConfigurations": [
				"E4B69B600A3A1757003C02F2",
				"E4B69B610A3A1757003C02F2"
			],
			"defaultConfigurationIsVisible": "0",
			"defaultConfigurationName": "Release",
			"isa": "XCConfigurationList"
		},
		"E4B69B600A3A1757003C02F2": {
			"baseConfigurationReference": "E4EB6923138AFD0F00A09F29",
			"buildSettings": {
				"ARCHS": "$(ARCHS_STANDARD)",
				"COPY_PHASE_STRIP": "NO",
				"FRAMEWORK_SEARCH_PATHS": [
					"$(inherited)",
					"/System/Library/Frameworks"
				],
				"GCC_DYNAMIC_NO_PIC": "NO",
				"HEADER_SEARCH_PATHS": [
					"$(OF_CORE_HEADERS)",
					"src",
					"src",
					"../../../addons/ofxJSON/libs",
					"../../../addons/ofxJSON/libs/jsoncpp",
					"../../../addons/ofxJSON/libs/jsoncpp/include",
					"../../../addons/ofxJSON/libs/jsoncpp/include/json",
					"../../../addons/ofxJSON/libs/jsoncpp/src",
					"../../../addons/ofxJSON/src",
					"../../../addons/ofxMaxim/src",
					"../../../addons/ofxMaxim/src/libs",
					"../../../addons/ofxMaxim/src/libs/PolyBLEP",
					"../../../addons/ofxMidi/libs",
					"../../../addons/ofxMidi/libs/pgmidi",
					"../../../addons/ofxMidi/libs/rtmidi",
					"../../../addons/ofxMidi/src",
					"../../../addons/ofxMidi/src/desktop",
					"../../../addons/ofxMidi/src/ios"
				],
				"LIBRARY_SEARCH_PATHS": "$(inherited)",
				"OTHER_LDFLAGS": [
					"$(OF_CORE_LIBS)",
					"$(OF_CORE_FRAMEWORKS)",
					"$(LIB_OF_DEBUG)"
				]
			},
			"isa": "XCBuildConfiguration",
			"name": "Debug"
		},
		"E4B69B610A3A1757003C02F2": {
			"baseConfigurationReference": "E4EB6923138AFD0F00A09F29",
			"buildSettings": {
				"ARCHS": "$(ARCHS_STANDARD)",
				"COPY_PHASE_STRIP": "YES",
				"FRAMEWORK_SEARCH_PATHS": [
					"$(inherited)",
					"/System/Library/Frameworks"
				],
				"HEADER_SEARCH_PATHS": [
					"$(OF_CORE_HEADERS)",
					"src",
					"src",
					"../../../addons/ofxJSON/libs",
					"../../../addons/ofxJSON/libs/jsoncpp",
					"../../../addons/ofxJSON/libs/jsoncpp/include",
					"../../../addons/ofxJSON/libs/jsoncpp/include/json",
					"../../../addons/ofxJSON/libs/jsoncpp/src",
					"../../../addons/ofxJSON/src",
					"../../../addons/ofxMaxim/src",
					"../../../addons/ofxMaxim/src/libs",
					"../../../addons/ofxMaxim/src/libs/PolyBLEP",
					"../../../addons/ofxMidi/libs",
					"../../../addons/ofxMidi/libs/pgmidi",
					"../../../addons/ofxMidi/libs/rtmidi",
					"../../../addons/ofxMidi/src",
					"../../../addons/ofxMidi/src/desktop",
					"../../../addons/ofxMidi/src/ios"
				],
				"LIBRARY_SEARCH_PATHS": "$(inherited)",
				"OTHER_LDFLAGS": [
					"$(OF_CORE_LIBS)",
					"$(OF_CORE_FRAMEWORKS)",
					"$(LIB_OF)"
				],
				"baseConfigurationReference": "E4EB6923138AFD0F00A09F29"
			},
			"isa": "XCBuildConfiguration",
			"name": "Release"
		},
		"E4B69E1C0A3A1BDC003C02F2": {
			"children": [
				"E4B69E1D0A3A1BDC003C02F2",
				"E4B69E1E0A3A1BDC003C02F2",
				"E4B69E1F0A3A1BDC003C02F2"
			],
			"isa": "PBXGroup",
			"path": "src",
			"sourceTree": "SOURCE_ROOT"
		},
		"E4B69E1D0A3A1BDC003C02F2": {
			"fileEncoding": "4",
			"isa": "PBXFileReference",
			"lastKnownFileType": "sourcecode.cpp.cpp",
			"name": "main.cpp",
			"path": "src/main.cpp",
			"sourceTree": "SOURCE_ROOT"
		},
		"E4B69E1E0A3A1BDC003C02F2": {
			"explicitFileType": "sourcecode.cpp.cpp",
			"fileEncoding": "4",
			"isa": "PBXFileReference",
			"name": "ofApp.cpp",
			"path": "src/ofApp.cpp",
			"sourceTree": "SOURCE_ROOT"
		},
		"E4B69E1F0A3A1BDC003C02F2": {
			"fileEncoding": "4",
			"isa": "PBXFileReference",
			"lastKnownFileType": "sourcecode.c.h",
			"name": "ofApp.h",
			"path": "src/ofApp.h",
			"sourceTree": "SOURCE_ROOT"
		},
		"E4B69E200A3A1BDC003C02F2": {
			"fileRef": "E4B69E1D0A3A1BDC003C02F2",
			"isa": "PBXBuildFile"
		},
		"E4B69E210A3A1BDC003C02F2": {
			"fileRef": "E4B69E1E0A3A1BDC003C02F2",
			"isa": "PBXBuildFile"
		},
		"E4B6FCAD0C3E899E008CF71C": {
			"fileEncoding": "4",
			"isa": "PBXFileReference",
			"lastKnownFileType": "text.plist.xml",
			"path": "openFrameworks-Info.plist",
			"sourceTree": "<group>"
		},
		"E4C2427710CC5ABF004149E2": {
			"buildActionMask": "2147483647",
			"dstPath": "",
			"dstSubfolderSpec": "10",
			"files": [],
			"isa": "PBXCopyFilesBuildPhase",
			"runOnlyForDeploymentPostprocessing": "0"
		},
		"E4EB6923138AFD0F00A09F29": {
			"fileEncoding": "4",
			"isa": "PBXFileReference",
			"lastKnownFileType": "text.xcconfig",
			"path": "Project.xcconfig",
			"sourceTree": "<group>"
		},
		"E6E8553E-8994-46AF-B3E8-0A1D9E5B7432": {
			"fileRef": "026DFBD1-CD09-4EAF-8700-0EF5DDE87C42",
			"isa": "PBXBuildFile"
		},
		"E887C6D6-1CD5-491E-ABC7-26357C22A1F4": {
			"explicitFileType": "sourcecode.cpp.cpp",
			"fileEncoding": "4",
			"isa": "PBXFileReference",
			"name": "ofxMidiClock.cpp",
			"path": "../../../addons/ofxMidi/src/ofxMidiClock.cpp",
			"sourceTree": "SOURCE_ROOT"
		},
		"E8FAD8B6-E35E-49BC-91F6-A84AD089D04C": {
			"children": [
				"42FB4B0C-2279-4D50-A8A9-2CA68561C28D"
			],
			"isa": "PBXGroup",
			"name": "src",
			"path": "../../../addons/ofxJSON/libs/jsoncpp/src",
			"sourceTree": "SOURCE_ROOT"
		},
		"EA3219E8-39F2-41E5-87FA-E9015474FC30": {
			"explicitFileType": "sourcecode.cpp.cpp",
			"fileEncoding": "4",
			"isa": "PBXFileReference",
			"name": "ofxRtMidiOut.cpp",
			"path": "../../../addons/ofxMidi/src/desktop/ofxRtMidiOut.cpp",
			"sourceTree": "SOURCE_ROOT"
		},
		"EA8E3B92-8CEC-400E-8C88-31D6C3E2C186": {
			"explicitFileType": "sourcecode.c.h",
			"fileEncoding": "4",
			"isa": "PBXFileReference",
			"name": "ofxMidi.h",
			"path": "../../../addons/ofxMidi/src/ofxMidi.h",
			"sourceTree": "SOURCE_ROOT"
		},
		"ED3C0873-A1AE-4AAC-A4FF-70A9D9694CE8": {
			"explicitFileType": "sourcecode.cpp.cpp",
			"fileEncoding": "4",
			"isa": "PBXFileReference",
			"name": "PolyBLEP.cpp",
			"path": "../../../addons/ofxMaxim/src/libs/PolyBLEP/PolyBLEP.cpp",
			"sourceTree": "SOURCE_ROOT"
		},
		"F0AAEC9B-D2A2-435D-9127-D917863DF511": {
			"explicitFileType": "sourcecode.c.h",
			"fileEncoding": "4",
			"isa": "PBXFileReference",
			"name": "ofxMidiTypes.h",
			"path": "../../../addons/ofxMidi/src/ofxMidiTypes.h",
			"sourceTree": "SOURCE_ROOT"
		},
		"F46B3E0F-1F79-46D0-95DF-B0E83ED3FA6D": {
			"fileRef": "AD4EB969-0896-43F6-9016-B0ACE6F40E48",
			"isa": "PBXBuildFile"
		},
		"F50959D0-903C-4C43-8E72-C01080F3A0E4": {
			"fileRef": "3748E3EF-5B85-47C9-8FF8-E0D5ADE544ED",
			"isa": "PBXBuildFile"
		},
		"F572FE71-0BBD-48B5-8EFB-F74879C033E5": {
			"explicitFileType": "sourcecode.cpp.cpp",
			"fileEncoding": "4",
			"isa": "PBXFileReference",
			"name": "maxiSynths.cpp",
			"path": "../../../addons/ofxMaxim/src/libs/maxiSynths.cpp",
			"sourceTree": "SOURCE_ROOT"
		},
		"F97E0DBC-0191-4605-A0B6-1EC25A779C52": {
			"explicitFileType": "sourcecode.c.h",
			"fileEncoding": "4",
			"isa": "PBXFileReference",
			"name": "ofxMidiMessage.h",
			"path": "../../../addons/ofxMidi/src/ofxMidiMessage.h",
			"sourceTree": "SOURCE_ROOT"
		}
	},
	"openFrameworksProjectGeneratorVersion": "21",
	"rootObject": "E4B69B4C0A3A1720003C02F2"
}